<?xml version="1.0" encoding="utf-8"?>
<Project ToolsVersion="4.0" xmlns="http://schemas.microsoft.com/developer/msbuild/2003">
  <ItemGroup>
    <Filter Include="Src">
      <UniqueIdentifier>{2c3b060d-f6fb-493a-b18d-d08a0e38372a}</UniqueIdentifier>
    </Filter>
    <Filter Include="Libs">
      <UniqueIdentifier>{aa3c2d1b-e450-4356-8580-185217573528}</UniqueIdentifier>
    </Filter>
    <Filter Include="Libs\Imgui">
      <UniqueIdentifier>{de829fc5-cd5c-4fdd-a128-99f40e34bdfc}</UniqueIdentifier>
    </Filter>
    <Filter Include="Libs\Minhook">
      <UniqueIdentifier>{02e75ee4-df92-4b44-8070-fe87e46de70c}</UniqueIdentifier>
    </Filter>
    <Filter Include="Libs\Minhook\include">
      <UniqueIdentifier>{e2d4784c-6fee-409d-8ba4-f1cc1ff2d2c2}</UniqueIdentifier>
    </Filter>
    <Filter Include="Libs\Minhook\src">
      <UniqueIdentifier>{5e26be7a-9faf-4ee6-a128-3820972956f3}</UniqueIdentifier>
    </Filter>
    <Filter Include="Libs\Minhook\src\hde">
      <UniqueIdentifier>{b2fd3751-9144-4c5b-880e-13feef51e35a}</UniqueIdentifier>
    </Filter>
    <Filter Include="Src\function">
      <UniqueIdentifier>{4b660596-9f6f-4ac7-a061-7872c47c237e}</UniqueIdentifier>
    </Filter>
  </ItemGroup>
  <ItemGroup>
    <ClInclude Include="Libs\json.hpp">
      <Filter>Libs</Filter>
    </ClInclude>
    <ClInclude Include="Libs\Imgui\imconfig.h">
      <Filter>Libs\Imgui</Filter>
    </ClInclude>
    <ClInclude Include="Libs\Imgui\imgui.h">
      <Filter>Libs\Imgui</Filter>
    </ClInclude>
    <ClInclude Include="Libs\Imgui\imgui_impl_dx11.h">
      <Filter>Libs\Imgui</Filter>
    </ClInclude>
    <ClInclude Include="Libs\Imgui\imgui_impl_win32.h">
      <Filter>Libs\Imgui</Filter>
    </ClInclude>
    <ClInclude Include="Libs\Imgui\imgui_internal.h">
      <Filter>Libs\Imgui</Filter>
    </ClInclude>
    <ClInclude Include="Libs\Imgui\imstb_rectpack.h">
      <Filter>Libs\Imgui</Filter>
    </ClInclude>
    <ClInclude Include="Libs\Imgui\imstb_textedit.h">
      <Filter>Libs\Imgui</Filter>
    </ClInclude>
    <ClInclude Include="Libs\Imgui\imstb_truetype.h">
      <Filter>Libs\Imgui</Filter>
    </ClInclude>
    <ClInclude Include="Libs\Minhook\src\buffer.h">
      <Filter>Libs\Minhook\src</Filter>
    </ClInclude>
    <ClInclude Include="Libs\Minhook\src\trampoline.h">
      <Filter>Libs\Minhook\src</Filter>
    </ClInclude>
    <ClInclude Include="Libs\Minhook\src\hde\hde32.h">
      <Filter>Libs\Minhook\src\hde</Filter>
    </ClInclude>
    <ClInclude Include="Libs\Minhook\src\hde\hde64.h">
      <Filter>Libs\Minhook\src\hde</Filter>
    </ClInclude>
    <ClInclude Include="Libs\Minhook\src\hde\pstdint.h">
      <Filter>Libs\Minhook\src\hde</Filter>
    </ClInclude>
    <ClInclude Include="Libs\Minhook\src\hde\table32.h">
      <Filter>Libs\Minhook\src\hde</Filter>
    </ClInclude>
    <ClInclude Include="Libs\Minhook\src\hde\table64.h">
      <Filter>Libs\Minhook\src\hde</Filter>
    </ClInclude>
    <ClInclude Include="Libs\Minhook\include\MinHook.h">
      <Filter>Libs\Minhook\include</Filter>
    </ClInclude>
    <ClInclude Include="Src\guimain.hpp">
      <Filter>Src</Filter>
    </ClInclude>
    <ClInclude Include="Src\function\memory_utils.hpp">
      <Filter>Src\function</Filter>
    </ClInclude>
    <ClInclude Include="Src\function\injector.hpp">
      <Filter>Src\function</Filter>
    </ClInclude>
    <ClInclude Include="Libs\fa_icons.h">
      <Filter>Libs</Filter>
    </ClInclude>
    <ClInclude Include="Libs\poppins.h">
      <Filter>Libs</Filter>
    </ClInclude>
    <ClInclude Include="Libs\stb_image.h">
      <Filter>Libs</Filter>
    </ClInclude>
    <ClInclude Include="Src\drawutils.hpp">
      <Filter>Src</Filter>
    </ClInclude>
  </ItemGroup>
  <ItemGroup>
    <ClCompile Include="Libs\Imgui\imgui.cpp">
      <Filter>Libs\Imgui</Filter>
    </ClCompile>
    <ClCompile Include="Libs\Imgui\imgui_demo.cpp">
      <Filter>Libs\Imgui</Filter>
    </ClCompile>
    <ClCompile Include="Libs\Imgui\imgui_draw.cpp">
      <Filter>Libs\Imgui</Filter>
    </ClCompile>
    <ClCompile Include="Libs\Imgui\imgui_impl_dx11.cpp">
      <Filter>Libs\Imgui</Filter>
    </ClCompile>
    <ClCompile Include="Libs\Imgui\imgui_impl_win32.cpp">
      <Filter>Libs\Imgui</Filter>
    </ClCompile>
    <ClCompile Include="Libs\Imgui\imgui_tables.cpp">
      <Filter>Libs\Imgui</Filter>
    </ClCompile>
    <ClCompile Include="Libs\Imgui\imgui_widgets.cpp">
      <Filter>Libs\Imgui</Filter>
    </ClCompile>
    <ClCompile Include="Libs\Minhook\src\buffer.c">
      <Filter>Libs\Minhook\src</Filter>
    </ClCompile>
    <ClCompile Include="Libs\Minhook\src\hook.c">
      <Filter>Libs\Minhook\src</Filter>
    </ClCompile>
    <ClCompile Include="Libs\Minhook\src\trampoline.c">
      <Filter>Libs\Minhook\src</Filter>
    </ClCompile>
    <ClCompile Include="Libs\Minhook\src\hde\hde32.c">
      <Filter>Libs\Minhook\src\hde</Filter>
    </ClCompile>
    <ClCompile Include="Libs\Minhook\src\hde\hde64.c">
      <Filter>Libs\Minhook\src\hde</Filter>
    </ClCompile>
    <ClCompile Include="Src\guimain.cpp">
      <Filter>Src</Filter>
    </ClCompile>
    <ClCompile Include="Src\main.cpp">
      <Filter>Src</Filter>
    </ClCompile>
    <ClCompile Include="Src\function\memory_utils.cpp">
      <Filter>Src\function</Filter>
    </ClCompile>
    <ClCompile Include="Src\function\injector.cpp">
      <Filter>Src\function</Filter>
    </ClCompile>
    <ClCompile Include="Src\drawutils.cpp">
      <Filter>Src</Filter>
    </ClCompile>
  </ItemGroup>
</Project>